
Microsoft Visual Studio Solution File, Format Version 12.00
# Visual Studio Version 17
VisualStudioVersion = 17.10.35027.167
MinimumVisualStudioVersion = 10.0.40219.1
Project("{9A19103F-16F7-4668-BE54-9A1E7A4F7556}") = "Pulisher.UI", "Pulisher.UI\Pulisher.UI.csproj", "{41864E3D-44C0-4916-B3A7-8F02EF20930E}"
EndProject
Project("{9A19103F-16F7-4668-BE54-9A1E7A4F7556}") = "Publisher.Logic", "Publisher.Logic\Publisher.Logic.csproj", "{12524C4C-7793-463A-89E9-F788884AE7D8}"
EndProject
Project("{FAE04EC0-301F-11D3-BF4B-00C04F79EFBC}") = "Publisher.DataAccess", "Publisher.DataAccess\Publisher.DataAccess.csproj", "{AAF547D4-D2E5-4F57-9C4A-E2EBAA2E3AE5}"
EndProject
Global
	GlobalSection(SolutionConfigurationPlatforms) = preSolution
		Debug|Any CPU = Debug|Any CPU
		Release|Any CPU = Release|Any CPU
	EndGlobalSection
	GlobalSection(ProjectConfigurationPlatforms) = postSolution
		{41864E3D-44C0-4916-B3A7-8F02EF20930E}.Debug|Any CPU.ActiveCfg = Debug|Any CPU
		{41864E3D-44C0-4916-B3A7-8F02EF20930E}.Debug|Any CPU.Build.0 = Debug|Any CPU
		{41864E3D-44C0-4916-B3A7-8F02EF20930E}.Release|Any CPU.ActiveCfg = Release|Any CPU
		{41864E3D-44C0-4916-B3A7-8F02EF20930E}.Release|Any CPU.Build.0 = Release|Any CPU
		{12524C4C-7793-463A-89E9-F788884AE7D8}.Debug|Any CPU.ActiveCfg = Debug|Any CPU
		{12524C4C-7793-463A-89E9-F788884AE7D8}.Debug|Any CPU.Build.0 = Debug|Any CPU
		{12524C4C-7793-463A-89E9-F788884AE7D8}.Release|Any CPU.ActiveCfg = Release|Any CPU
		{12524C4C-7793-463A-89E9-F788884AE7D8}.Release|Any CPU.Build.0 = Release|Any CPU
		{AAF547D4-D2E5-4F57-9C4A-E2EBAA2E3AE5}.Debug|Any CPU.ActiveCfg = Debug|Any CPU
		{AAF547D4-D2E5-4F57-9C4A-E2EBAA2E3AE5}.Debug|Any CPU.Build.0 = Debug|Any CPU
		{AAF547D4-D2E5-4F57-9C4A-E2EBAA2E3AE5}.Release|Any CPU.ActiveCfg = Release|Any CPU
		{AAF547D4-D2E5-4F57-9C4A-E2EBAA2E3AE5}.Release|Any CPU.Build.0 = Release|Any CPU
	EndGlobalSection
	GlobalSection(SolutionProperties) = preSolution
		HideSolutionNode = FALSE
	EndGlobalSection
	GlobalSection(ExtensibilityGlobals) = postSolution
		SolutionGuid = {1882E60D-6838-4345-BA4B-241D4D6B1A27}
	EndGlobalSection
EndGlobal
